
Microsoft Visual Studio Solution File, Format Version 12.00
# Visual Studio Version 17
VisualStudioVersion = 17.9.34714.143
MinimumVisualStudioVersion = 10.0.40219.1
Project("{FAE04EC0-301F-11D3-BF4B-00C04F79EFBC}") = "PushNoti", "PushNoti\PushNoti.csproj", "{57374596-0B9E-427A-8C82-A29F22AED45C}"
EndProject
Global
	GlobalSection(SolutionConfigurationPlatforms) = preSolution
		Debug|Any CPU = Debug|Any CPU
		Release|Any CPU = Release|Any CPU
	EndGlobalSection
	GlobalSection(ProjectConfigurationPlatforms) = postSolution
		{57374596-0B9E-427A-8C82-A29F22AED45C}.Debug|Any CPU.ActiveCfg = Debug|Any CPU
		{57374596-0B9E-427A-8C82-A29F22AED45C}.Debug|Any CPU.Build.0 = Debug|Any CPU
		{57374596-0B9E-427A-8C82-A29F22AED45C}.Debug|Any CPU.Deploy.0 = Debug|Any CPU
		{57374596-0B9E-427A-8C82-A29F22AED45C}.Release|Any CPU.ActiveCfg = Release|Any CPU
		{57374596-0B9E-427A-8C82-A29F22AED45C}.Release|Any CPU.Build.0 = Release|Any CPU
		{57374596-0B9E-427A-8C82-A29F22AED45C}.Release|Any CPU.Deploy.0 = Release|Any CPU
	EndGlobalSection
	GlobalSection(SolutionProperties) = preSolution
		HideSolutionNode = FALSE
	EndGlobalSection
	GlobalSection(ExtensibilityGlobals) = postSolution
		SolutionGuid = {FC1FB6AA-FEAC-43BB-879E-1D36EF130C08}
	EndGlobalSection
EndGlobal
